
Microsoft Visual Studio Solution File, Format Version 12.00
# Visual Studio Version 17
VisualStudioVersion = 17.9.34728.123
MinimumVisualStudioVersion = 10.0.40219.1
Project("{9A19103F-16F7-4668-BE54-9A1E7A4F7556}") = "Lab_4-2_GUI", "Lab_4-2_GUI\Lab_4-2_GUI.csproj", "{0D345F38-326C-49B2-AC2A-856B27912F9A}"
EndProject
Global
	GlobalSection(SolutionConfigurationPlatforms) = preSolution
		Debug|Any CPU = Debug|Any CPU
		Debug|x64 = Debug|x64
		Release|Any CPU = Release|Any CPU
		Release|x64 = Release|x64
	EndGlobalSection
	GlobalSection(ProjectConfigurationPlatforms) = postSolution
		{0D345F38-326C-49B2-AC2A-856B27912F9A}.Debug|Any CPU.ActiveCfg = Debug|Any CPU
		{0D345F38-326C-49B2-AC2A-856B27912F9A}.Debug|Any CPU.Build.0 = Debug|Any CPU
		{0D345F38-326C-49B2-AC2A-856B27912F9A}.Debug|x64.ActiveCfg = Debug|x64
		{0D345F38-326C-49B2-AC2A-856B27912F9A}.Debug|x64.Build.0 = Debug|x64
		{0D345F38-326C-49B2-AC2A-856B27912F9A}.Release|Any CPU.ActiveCfg = Release|Any CPU
		{0D345F38-326C-49B2-AC2A-856B27912F9A}.Release|Any CPU.Build.0 = Release|Any CPU
		{0D345F38-326C-49B2-AC2A-856B27912F9A}.Release|x64.ActiveCfg = Release|x64
		{0D345F38-326C-49B2-AC2A-856B27912F9A}.Release|x64.Build.0 = Release|x64
	EndGlobalSection
	GlobalSection(SolutionProperties) = preSolution
		HideSolutionNode = FALSE
	EndGlobalSection
	GlobalSection(ExtensibilityGlobals) = postSolution
		SolutionGuid = {79FD9390-E227-4B0A-8B55-0B82FF192FB0}
	EndGlobalSection
EndGlobal
