
Microsoft Visual Studio Solution File, Format Version 12.00
# Visual Studio Version 17
VisualStudioVersion = 17.9.34728.123
MinimumVisualStudioVersion = 10.0.40219.1
Project("{9A19103F-16F7-4668-BE54-9A1E7A4F7556}") = "Lab_5_ECDSA_GUI", "Lab_5_ECDSA_GUI\Lab_5_ECDSA_GUI.csproj", "{412D2D3A-51EA-4574-8AB1-7D17A847DA5C}"
EndProject
Global
	GlobalSection(SolutionConfigurationPlatforms) = preSolution
		Debug|Any CPU = Debug|Any CPU
		Debug|x64 = Debug|x64
		Release|Any CPU = Release|Any CPU
		Release|x64 = Release|x64
	EndGlobalSection
	GlobalSection(ProjectConfigurationPlatforms) = postSolution
		{412D2D3A-51EA-4574-8AB1-7D17A847DA5C}.Debug|Any CPU.ActiveCfg = Debug|Any CPU
		{412D2D3A-51EA-4574-8AB1-7D17A847DA5C}.Debug|Any CPU.Build.0 = Debug|Any CPU
		{412D2D3A-51EA-4574-8AB1-7D17A847DA5C}.Debug|x64.ActiveCfg = Debug|x64
		{412D2D3A-51EA-4574-8AB1-7D17A847DA5C}.Debug|x64.Build.0 = Debug|x64
		{412D2D3A-51EA-4574-8AB1-7D17A847DA5C}.Release|Any CPU.ActiveCfg = Release|Any CPU
		{412D2D3A-51EA-4574-8AB1-7D17A847DA5C}.Release|Any CPU.Build.0 = Release|Any CPU
		{412D2D3A-51EA-4574-8AB1-7D17A847DA5C}.Release|x64.ActiveCfg = Release|x64
		{412D2D3A-51EA-4574-8AB1-7D17A847DA5C}.Release|x64.Build.0 = Release|x64
	EndGlobalSection
	GlobalSection(SolutionProperties) = preSolution
		HideSolutionNode = FALSE
	EndGlobalSection
	GlobalSection(ExtensibilityGlobals) = postSolution
		SolutionGuid = {8109DFE9-C697-449E-832D-FB8A8ABCF5B7}
	EndGlobalSection
EndGlobal
